Microsoft Visual Studio Solution File, Format Version 12.00
# Visual Studio 14
VisualStudioVersion = 14.0.25420.1
MinimumVisualStudioVersion = 10.0.40219.1
Project("{8BC9CEB8-8B4A-11D0-8D11-00A0C91BC942}") = "dmlccore", "dmlc-core\dmlccore.vcxproj", "{8E5E7BF5-B099-30DC-BA04-D16B62323677}"
EndProject
Project("{8BC9CEB8-8B4A-11D0-8D11-00A0C91BC942}") = "dmlccore_lint", "dmlc-core\dmlccore_lint.vcxproj", "{817D3A27-DF31-369A-B744-734D40629229}"
EndProject
Project("{8BC9CEB8-8B4A-11D0-8D11-00A0C91BC942}") = "mxnet", "mxnet.vcxproj", "{AA95EF49-948E-3D2F-993F-7ECD195742D8}"
	ProjectSection(ProjectDependencies) = postProject
		{8E5E7BF5-B099-30DC-BA04-D16B62323677} = {8E5E7BF5-B099-30DC-BA04-D16B62323677}
	EndProjectSection
EndProject
Project("{8BC9CEB8-8B4A-11D0-8D11-00A0C91BC942}") = "mxnet_lint", "mxnet_lint.vcxproj", "{DDF841C4-7193-3DB3-91C3-1C44633621A7}"
EndProject
Project("{8BC9CEB8-8B4A-11D0-8D11-00A0C91BC942}") = "facetest", "facetest\facetest.vcxproj", "{1C6D66AB-46E9-41B2-A5DF-2554648E5BCA}"
EndProject
Global
	GlobalSection(SolutionConfigurationPlatforms) = preSolution
		Debug|x64 = Debug|x64
		Debug|x86 = Debug|x86
		MinSizeRel|x64 = MinSizeRel|x64
		MinSizeRel|x86 = MinSizeRel|x86
		Release|x64 = Release|x64
		Release|x86 = Release|x86
		RelWithDebInfo|x64 = RelWithDebInfo|x64
		RelWithDebInfo|x86 = RelWithDebInfo|x86
	EndGlobalSection
	GlobalSection(ProjectConfigurationPlatforms) = postSolution
		{8E5E7BF5-B099-30DC-BA04-D16B62323677}.Debug|x64.ActiveCfg = Debug|x64
		{8E5E7BF5-B099-30DC-BA04-D16B62323677}.Debug|x64.Build.0 = Debug|x64
		{8E5E7BF5-B099-30DC-BA04-D16B62323677}.Debug|x86.ActiveCfg = Debug|x64
		{8E5E7BF5-B099-30DC-BA04-D16B62323677}.MinSizeRel|x64.ActiveCfg = MinSizeRel|x64
		{8E5E7BF5-B099-30DC-BA04-D16B62323677}.MinSizeRel|x64.Build.0 = MinSizeRel|x64
		{8E5E7BF5-B099-30DC-BA04-D16B62323677}.MinSizeRel|x86.ActiveCfg = MinSizeRel|x64
		{8E5E7BF5-B099-30DC-BA04-D16B62323677}.Release|x64.ActiveCfg = Release|x64
		{8E5E7BF5-B099-30DC-BA04-D16B62323677}.Release|x64.Build.0 = Release|x64
		{8E5E7BF5-B099-30DC-BA04-D16B62323677}.Release|x86.ActiveCfg = Release|x64
		{8E5E7BF5-B099-30DC-BA04-D16B62323677}.RelWithDebInfo|x64.ActiveCfg = RelWithDebInfo|x64
		{8E5E7BF5-B099-30DC-BA04-D16B62323677}.RelWithDebInfo|x64.Build.0 = RelWithDebInfo|x64
		{8E5E7BF5-B099-30DC-BA04-D16B62323677}.RelWithDebInfo|x86.ActiveCfg = RelWithDebInfo|x64
		{817D3A27-DF31-369A-B744-734D40629229}.Debug|x64.ActiveCfg = Debug|x64
		{817D3A27-DF31-369A-B744-734D40629229}.Debug|x86.ActiveCfg = Debug|x64
		{817D3A27-DF31-369A-B744-734D40629229}.MinSizeRel|x64.ActiveCfg = MinSizeRel|x64
		{817D3A27-DF31-369A-B744-734D40629229}.MinSizeRel|x86.ActiveCfg = MinSizeRel|x64
		{817D3A27-DF31-369A-B744-734D40629229}.Release|x64.ActiveCfg = Release|x64
		{817D3A27-DF31-369A-B744-734D40629229}.Release|x86.ActiveCfg = Release|x64
		{817D3A27-DF31-369A-B744-734D40629229}.RelWithDebInfo|x64.ActiveCfg = RelWithDebInfo|x64
		{817D3A27-DF31-369A-B744-734D40629229}.RelWithDebInfo|x86.ActiveCfg = RelWithDebInfo|x64
		{AA95EF49-948E-3D2F-993F-7ECD195742D8}.Debug|x64.ActiveCfg = Debug|x64
		{AA95EF49-948E-3D2F-993F-7ECD195742D8}.Debug|x64.Build.0 = Debug|x64
		{AA95EF49-948E-3D2F-993F-7ECD195742D8}.Debug|x86.ActiveCfg = Debug|x64
		{AA95EF49-948E-3D2F-993F-7ECD195742D8}.MinSizeRel|x64.ActiveCfg = MinSizeRel|x64
		{AA95EF49-948E-3D2F-993F-7ECD195742D8}.MinSizeRel|x64.Build.0 = MinSizeRel|x64
		{AA95EF49-948E-3D2F-993F-7ECD195742D8}.MinSizeRel|x86.ActiveCfg = MinSizeRel|x64
		{AA95EF49-948E-3D2F-993F-7ECD195742D8}.Release|x64.ActiveCfg = Release|x64
		{AA95EF49-948E-3D2F-993F-7ECD195742D8}.Release|x64.Build.0 = Release|x64
		{AA95EF49-948E-3D2F-993F-7ECD195742D8}.Release|x86.ActiveCfg = Release|x64
		{AA95EF49-948E-3D2F-993F-7ECD195742D8}.RelWithDebInfo|x64.ActiveCfg = RelWithDebInfo|x64
		{AA95EF49-948E-3D2F-993F-7ECD195742D8}.RelWithDebInfo|x64.Build.0 = RelWithDebInfo|x64
		{AA95EF49-948E-3D2F-993F-7ECD195742D8}.RelWithDebInfo|x86.ActiveCfg = RelWithDebInfo|x64
		{DDF841C4-7193-3DB3-91C3-1C44633621A7}.Debug|x64.ActiveCfg = Debug|x64
		{DDF841C4-7193-3DB3-91C3-1C44633621A7}.Debug|x86.ActiveCfg = Debug|x64
		{DDF841C4-7193-3DB3-91C3-1C44633621A7}.MinSizeRel|x64.ActiveCfg = MinSizeRel|x64
		{DDF841C4-7193-3DB3-91C3-1C44633621A7}.MinSizeRel|x86.ActiveCfg = MinSizeRel|x64
		{DDF841C4-7193-3DB3-91C3-1C44633621A7}.Release|x64.ActiveCfg = Release|x64
		{DDF841C4-7193-3DB3-91C3-1C44633621A7}.Release|x86.ActiveCfg = Release|x64
		{DDF841C4-7193-3DB3-91C3-1C44633621A7}.RelWithDebInfo|x64.ActiveCfg = RelWithDebInfo|x64
		{DDF841C4-7193-3DB3-91C3-1C44633621A7}.RelWithDebInfo|x86.ActiveCfg = RelWithDebInfo|x64
		{1C6D66AB-46E9-41B2-A5DF-2554648E5BCA}.Debug|x64.ActiveCfg = Debug|x64
		{1C6D66AB-46E9-41B2-A5DF-2554648E5BCA}.Debug|x64.Build.0 = Debug|x64
		{1C6D66AB-46E9-41B2-A5DF-2554648E5BCA}.Debug|x86.ActiveCfg = Debug|Win32
		{1C6D66AB-46E9-41B2-A5DF-2554648E5BCA}.Debug|x86.Build.0 = Debug|Win32
		{1C6D66AB-46E9-41B2-A5DF-2554648E5BCA}.MinSizeRel|x64.ActiveCfg = Release|x64
		{1C6D66AB-46E9-41B2-A5DF-2554648E5BCA}.MinSizeRel|x64.Build.0 = Release|x64
		{1C6D66AB-46E9-41B2-A5DF-2554648E5BCA}.MinSizeRel|x86.ActiveCfg = Release|Win32
		{1C6D66AB-46E9-41B2-A5DF-2554648E5BCA}.MinSizeRel|x86.Build.0 = Release|Win32
		{1C6D66AB-46E9-41B2-A5DF-2554648E5BCA}.Release|x64.ActiveCfg = Release|x64
		{1C6D66AB-46E9-41B2-A5DF-2554648E5BCA}.Release|x64.Build.0 = Release|x64
		{1C6D66AB-46E9-41B2-A5DF-2554648E5BCA}.Release|x86.ActiveCfg = Release|Win32
		{1C6D66AB-46E9-41B2-A5DF-2554648E5BCA}.Release|x86.Build.0 = Release|Win32
		{1C6D66AB-46E9-41B2-A5DF-2554648E5BCA}.RelWithDebInfo|x64.ActiveCfg = Release|x64
		{1C6D66AB-46E9-41B2-A5DF-2554648E5BCA}.RelWithDebInfo|x64.Build.0 = Release|x64
		{1C6D66AB-46E9-41B2-A5DF-2554648E5BCA}.RelWithDebInfo|x86.ActiveCfg = Release|Win32
		{1C6D66AB-46E9-41B2-A5DF-2554648E5BCA}.RelWithDebInfo|x86.Build.0 = Release|Win32
	EndGlobalSection
	GlobalSection(SolutionProperties) = preSolution
		HideSolutionNode = FALSE
	EndGlobalSection
EndGlobal
